// !$*UTF8*$!
{
	archiveVersion = 1;
	classes = {
	};
	objectVersion = 55;
	objects = {

/* Begin PBXBuildFile section */
		07080E3527C6C5DB004968B1 /* WorkSummaryViewController.swift in Sources */ = {isa = PBXBuildFile; fileRef = 07080E3427C6C5DB004968B1 /* WorkSummaryViewController.swift */; };
		07080E3727C6C72F004968B1 /* educationDetailsViewController.swift in Sources */ = {isa = PBXBuildFile; fileRef = 07080E3627C6C72F004968B1 /* educationDetailsViewController.swift */; };
		07080E3927C6C780004968B1 /* projectsDetailsViewController.swift in Sources */ = {isa = PBXBuildFile; fileRef = 07080E3827C6C780004968B1 /* projectsDetailsViewController.swift */; };
		07080E3B27C8048E004968B1 /* baseDetailsObject.swift in Sources */ = {isa = PBXBuildFile; fileRef = 07080E3A27C8048E004968B1 /* baseDetailsObject.swift */; };
		07080E3D27C804B6004968B1 /* workDetailsObject.swift in Sources */ = {isa = PBXBuildFile; fileRef = 07080E3C27C804B6004968B1 /* workDetailsObject.swift */; };
		07080E3F27C804DF004968B1 /* educationDetailsObject.swift in Sources */ = {isa = PBXBuildFile; fileRef = 07080E3E27C804DF004968B1 /* educationDetailsObject.swift */; };
		07080E4127C8050E004968B1 /* projectDetailsObject.swift in Sources */ = {isa = PBXBuildFile; fileRef = 07080E4027C8050E004968B1 /* projectDetailsObject.swift */; };
		07080E4327C8D24C004968B1 /* resumeService.swift in Sources */ = {isa = PBXBuildFile; fileRef = 07080E4227C8D24C004968B1 /* resumeService.swift */; };
		077AA8DC27C541630028A050 /* AppDelegate.swift in Sources */ = {isa = PBXBuildFile; fileRef = 077AA8DB27C541630028A050 /* AppDelegate.swift */; };
		077AA8DE27C541630028A050 /* SceneDelegate.swift in Sources */ = {isa = PBXBuildFile; fileRef = 077AA8DD27C541630028A050 /* SceneDelegate.swift */; };
		077AA8E027C541630028A050 /* ViewController.swift in Sources */ = {isa = PBXBuildFile; fileRef = 077AA8DF27C541630028A050 /* ViewController.swift */; };
		077AA8E327C541640028A050 /* Main.storyboard in Resources */ = {isa = PBXBuildFile; fileRef = 077AA8E127C541640028A050 /* Main.storyboard */; };
		077AA8E827C541660028A050 /* Assets.xcassets in Resources */ = {isa = PBXBuildFile; fileRef = 077AA8E727C541660028A050 /* Assets.xcassets */; };
		077AA8EB27C541660028A050 /* LaunchScreen.storyboard in Resources */ = {isa = PBXBuildFile; fileRef = 077AA8E927C541660028A050 /* LaunchScreen.storyboard */; };
		077AA8F527C555FD0028A050 /* resumeTableViewCell.swift in Sources */ = {isa = PBXBuildFile; fileRef = 077AA8F427C555FD0028A050 /* resumeTableViewCell.swift */; };
		077AA8F727C55E980028A050 /* resumeViewController.swift in Sources */ = {isa = PBXBuildFile; fileRef = 077AA8F627C55E980028A050 /* resumeViewController.swift */; };
		077AA8F927C569A80028A050 /* resumeObject.swift in Sources */ = {isa = PBXBuildFile; fileRef = 077AA8F827C569A80028A050 /* resumeObject.swift */; };
/* End PBXBuildFile section */

/* Begin PBXFileReference section */
		07080E3427C6C5DB004968B1 /* WorkSummaryViewController.swift */ = {isa = PBXFileReference; lastKnownFileType = sourcecode.swift; path = WorkSummaryViewController.swift; sourceTree = "<group>"; };
		07080E3627C6C72F004968B1 /* educationDetailsViewController.swift */ = {isa = PBXFileReference; lastKnownFileType = sourcecode.swift; path = educationDetailsViewController.swift; sourceTree = "<group>"; };
		07080E3827C6C780004968B1 /* projectsDetailsViewController.swift */ = {isa = PBXFileReference; lastKnownFileType = sourcecode.swift; path = projectsDetailsViewController.swift; sourceTree = "<group>"; };
		07080E3A27C8048E004968B1 /* baseDetailsObject.swift */ = {isa = PBXFileReference; lastKnownFileType = sourcecode.swift; path = baseDetailsObject.swift; sourceTree = "<group>"; };
		07080E3C27C804B6004968B1 /* workDetailsObject.swift */ = {isa = PBXFileReference; lastKnownFileType = sourcecode.swift; path = workDetailsObject.swift; sourceTree = "<group>"; };
		07080E3E27C804DF004968B1 /* educationDetailsObject.swift */ = {isa = PBXFileReference; lastKnownFileType = sourcecode.swift; path = educationDetailsObject.swift; sourceTree = "<group>"; };
		07080E4027C8050E004968B1 /* projectDetailsObject.swift */ = {isa = PBXFileReference; lastKnownFileType = sourcecode.swift; path = projectDetailsObject.swift; sourceTree = "<group>"; };
		07080E4227C8D24C004968B1 /* resumeService.swift */ = {isa = PBXFileReference; lastKnownFileType = sourcecode.swift; path = resumeService.swift; sourceTree = "<group>"; };
		077AA8D827C541630028A050 /* ResumeApp-iOS-AnyMind-Group.app */ = {isa = PBXFileReference; explicitFileType = wrapper.application; includeInIndex = 0; path = "ResumeApp-iOS-AnyMind-Group.app"; sourceTree = BUILT_PRODUCTS_DIR; };
		077AA8DB27C541630028A050 /* AppDelegate.swift */ = {isa = PBXFileReference; lastKnownFileType = sourcecode.swift; path = AppDelegate.swift; sourceTree = "<group>"; };
		077AA8DD27C541630028A050 /* SceneDelegate.swift */ = {isa = PBXFileReference; lastKnownFileType = sourcecode.swift; path = SceneDelegate.swift; sourceTree = "<group>"; };
		077AA8DF27C541630028A050 /* ViewController.swift */ = {isa = PBXFileReference; lastKnownFileType = sourcecode.swift; path = ViewController.swift; sourceTree = "<group>"; };
		077AA8E227C541640028A050 /* Base */ = {isa = PBXFileReference; lastKnownFileType = file.storyboard; name = Base; path = Base.lproj/Main.storyboard; sourceTree = "<group>"; };
		077AA8E727C541660028A050 /* Assets.xcassets */ = {isa = PBXFileReference; lastKnownFileType = folder.assetcatalog; path = Assets.xcassets; sourceTree = "<group>"; };
		077AA8EA27C541660028A050 /* Base */ = {isa = PBXFileReference; lastKnownFileType = file.storyboard; name = Base; path = Base.lproj/LaunchScreen.storyboard; sourceTree = "<group>"; };
		077AA8EC27C541660028A050 /* Info.plist */ = {isa = PBXFileReference; lastKnownFileType = text.plist.xml; path = Info.plist; sourceTree = "<group>"; };
		077AA8F427C555FD0028A050 /* resumeTableViewCell.swift */ = {isa = PBXFileReference; lastKnownFileType = sourcecode.swift; path = resumeTableViewCell.swift; sourceTree = "<group>"; };
		077AA8F627C55E980028A050 /* resumeViewController.swift */ = {isa = PBXFileReference; lastKnownFileType = sourcecode.swift; path = resumeViewController.swift; sourceTree = "<group>"; };
		077AA8F827C569A80028A050 /* resumeObject.swift */ = {isa = PBXFileReference; lastKnownFileType = sourcecode.swift; path = resumeObject.swift; sourceTree = "<group>"; };
/* End PBXFileReference section */

/* Begin PBXFrameworksBuildPhase section */
		077AA8D527C541630028A050 /* Frameworks */ = {
			isa = PBXFrameworksBuildPhase;
			buildActionMask = 2147483647;
			files = (
			);
			runOnlyForDeploymentPostprocessing = 0;
		};
/* End PBXFrameworksBuildPhase section */

/* Begin PBXGroup section */
		07080E4427CA0C5A004968B1 /* DetailsObjects */ = {
			isa = PBXGroup;
			children = (
				07080E3A27C8048E004968B1 /* baseDetailsObject.swift */,
				07080E3C27C804B6004968B1 /* workDetailsObject.swift */,
				07080E3E27C804DF004968B1 /* educationDetailsObject.swift */,
				07080E4027C8050E004968B1 /* projectDetailsObject.swift */,
			);
			path = DetailsObjects;
			sourceTree = "<group>";
		};
		07080E4527CA0C78004968B1 /* Details View controllers */ = {
			isa = PBXGroup;
			children = (
				07080E3427C6C5DB004968B1 /* WorkSummaryViewController.swift */,
				07080E3627C6C72F004968B1 /* educationDetailsViewController.swift */,
				07080E3827C6C780004968B1 /* projectsDetailsViewController.swift */,
			);
			path = "Details View controllers";
			sourceTree = "<group>";
		};
		07080E4627CA0CB0004968B1 /* Views */ = {
			isa = PBXGroup;
			children = (
				077AA8DF27C541630028A050 /* ViewController.swift */,
				077AA8F427C555FD0028A050 /* resumeTableViewCell.swift */,
				077AA8F627C55E980028A050 /* resumeViewController.swift */,
				07080E4527CA0C78004968B1 /* Details View controllers */,
			);
			path = Views;
			sourceTree = "<group>";
		};
		07080E4727CA0CBC004968B1 /* Objetcs */ = {
			isa = PBXGroup;
			children = (
				077AA8F827C569A80028A050 /* resumeObject.swift */,
				07080E4427CA0C5A004968B1 /* DetailsObjects */,
			);
			path = Objetcs;
			sourceTree = "<group>";
		};
		07080E4827CA0CC7004968B1 /* Services */ = {
			isa = PBXGroup;
			children = (
				07080E4227C8D24C004968B1 /* resumeService.swift */,
			);
			path = Services;
			sourceTree = "<group>";
		};
		077AA8CF27C541630028A050 = {
			isa = PBXGroup;
			children = (
				077AA8DA27C541630028A050 /* ResumeApp-iOS-AnyMind-Group */,
				077AA8D927C541630028A050 /* Products */,
			);
			sourceTree = "<group>";
		};
		077AA8D927C541630028A050 /* Products */ = {
			isa = PBXGroup;
			children = (
				077AA8D827C541630028A050 /* ResumeApp-iOS-AnyMind-Group.app */,
			);
			name = Products;
			sourceTree = "<group>";
		};
		077AA8DA27C541630028A050 /* ResumeApp-iOS-AnyMind-Group */ = {
			isa = PBXGroup;
			children = (
				077AA8DB27C541630028A050 /* AppDelegate.swift */,
				077AA8DD27C541630028A050 /* SceneDelegate.swift */,
				07080E4627CA0CB0004968B1 /* Views */,
				077AA8E127C541640028A050 /* Main.storyboard */,
				077AA8E727C541660028A050 /* Assets.xcassets */,
				077AA8E927C541660028A050 /* LaunchScreen.storyboard */,
				077AA8EC27C541660028A050 /* Info.plist */,
				07080E4727CA0CBC004968B1 /* Objetcs */,
				07080E4827CA0CC7004968B1 /* Services */,
			);
			path = "ResumeApp-iOS-AnyMind-Group";
			sourceTree = "<group>";
		};
/* End PBXGroup section */

/* Begin PBXNativeTarget section */
		077AA8D727C541630028A050 /* ResumeApp-iOS-AnyMind-Group */ = {
			isa = PBXNativeTarget;
			buildConfigurationList = 077AA8EF27C541660028A050 /* Build configuration list for PBXNativeTarget "ResumeApp-iOS-AnyMind-Group" */;
			buildPhases = (
				077AA8D427C541630028A050 /* Sources */,
				077AA8D527C541630028A050 /* Frameworks */,
				077AA8D627C541630028A050 /* Resources */,
			);
			buildRules = (
			);
			dependencies = (
			);
			name = "ResumeApp-iOS-AnyMind-Group";
			productName = "ResumeApp-iOS-AnyMind-Group";
			productReference = 077AA8D827C541630028A050 /* ResumeApp-iOS-AnyMind-Group.app */;
			productType = "com.apple.product-type.application";
		};
/* End PBXNativeTarget section */

/* Begin PBXProject section */
		077AA8D027C541630028A050 /* Project object */ = {
			isa = PBXProject;
			attributes = {
				BuildIndependentTargetsInParallel = 1;
				LastSwiftUpdateCheck = 1320;
				LastUpgradeCheck = 1320;
				TargetAttributes = {
					077AA8D727C541630028A050 = {
						CreatedOnToolsVersion = 13.2.1;
					};
				};
			};
			buildConfigurationList = 077AA8D327C541630028A050 /* Build configuration list for PBXProject "ResumeApp-iOS-AnyMind-Group" */;
			compatibilityVersion = "Xcode 13.0";
			developmentRegion = en;
			hasScannedForEncodings = 0;
			knownRegions = (
				en,
				Base,
			);
			mainGroup = 077AA8CF27C541630028A050;
			productRefGroup = 077AA8D927C541630028A050 /* Products */;
			projectDirPath = "";
			projectRoot = "";
			targets = (
				077AA8D727C541630028A050 /* ResumeApp-iOS-AnyMind-Group */,
			);
		};
/* End PBXProject section */

/* Begin PBXResourcesBuildPhase section */
		077AA8D627C541630028A050 /* Resources */ = {
			isa = PBXResourcesBuildPhase;
			buildActionMask = 2147483647;
			files = (
				077AA8EB27C541660028A050 /* LaunchScreen.storyboard in Resources */,
				077AA8E827C541660028A050 /* Assets.xcassets in Resources */,
				077AA8E327C541640028A050 /* Main.storyboard in Resources */,
			);
			runOnlyForDeploymentPostprocessing = 0;
		};
/* End PBXResourcesBuildPhase section */

/* Begin PBXSourcesBuildPhase section */
		077AA8D427C541630028A050 /* Sources */ = {
			isa = PBXSourcesBuildPhase;
			buildActionMask = 2147483647;
			files = (
				07080E3727C6C72F004968B1 /* educationDetailsViewController.swift in Sources */,
				077AA8E027C541630028A050 /* ViewController.swift in Sources */,
				07080E4327C8D24C004968B1 /* resumeService.swift in Sources */,
				077AA8DC27C541630028A050 /* AppDelegate.swift in Sources */,
				07080E3527C6C5DB004968B1 /* WorkSummaryViewController.swift in Sources */,
				077AA8DE27C541630028A050 /* SceneDelegate.swift in Sources */,
				07080E3F27C804DF004968B1 /* educationDetailsObject.swift in Sources */,
				07080E3B27C8048E004968B1 /* baseDetailsObject.swift in Sources */,
				077AA8F927C569A80028A050 /* resumeObject.swift in Sources */,
				07080E3927C6C780004968B1 /* projectsDetailsViewController.swift in Sources */,
				077AA8F527C555FD0028A050 /* resumeTableViewCell.swift in Sources */,
				07080E4127C8050E004968B1 /* projectDetailsObject.swift in Sources */,
				07080E3D27C804B6004968B1 /* workDetailsObject.swift in Sources */,
				077AA8F727C55E980028A050 /* resumeViewController.swift in Sources */,
			);
			runOnlyForDeploymentPostprocessing = 0;
		};
/* End PBXSourcesBuildPhase section */

/* Begin PBXVariantGroup section */
		077AA8E127C541640028A050 /* Main.storyboard */ = {
			isa = PBXVariantGroup;
			children = (
				077AA8E227C541640028A050 /* Base */,
			);
			name = Main.storyboard;
			sourceTree = "<group>";
		};
		077AA8E927C541660028A050 /* LaunchScreen.storyboard */ = {
			isa = PBXVariantGroup;
			children = (
				077AA8EA27C541660028A050 /* Base */,
			);
			name = LaunchScreen.storyboard;
			sourceTree = "<group>";
		};
/* End PBXVariantGroup section */

/* Begin XCBuildConfiguration section */
		077AA8ED27C541660028A050 /* Debug */ = {
			isa = XCBuildConfiguration;
			buildSettings = {
				ALWAYS_SEARCH_USER_PATHS = NO;
				CLANG_ANALYZER_NONNULL = YES;
				CLANG_ANALYZER_NUMBER_OBJECT_CONVERSION = YES_AGGRESSIVE;
				CLANG_CXX_LANGUAGE_STANDARD = "gnu++17";
				CLANG_CXX_LIBRARY = "libc++";
				CLANG_ENABLE_MODULES = YES;
				CLANG_ENABLE_OBJC_ARC = YES;
				CLANG_ENABLE_OBJC_WEAK = YES;
				CLANG_WARN_BLOCK_CAPTURE_AUTORELEASING = YES;
				CLANG_WARN_BOOL_CONVERSION = YES;
				CLANG_WARN_COMMA = YES;
				CLANG_WARN_CONSTANT_CONVERSION = YES;
				CLANG_WARN_DEPRECATED_OBJC_IMPLEMENTATIONS = YES;
				CLANG_WARN_DIRECT_OBJC_ISA_USAGE = YES_ERROR;
				CLANG_WARN_DOCUMENTATION_COMMENTS = YES;
				CLANG_WARN_EMPTY_BODY = YES;
				CLANG_WARN_ENUM_CONVERSION = YES;
				CLANG_WARN_INFINITE_RECURSION = YES;
				CLANG_WARN_INT_CONVERSION = YES;
				CLANG_WARN_NON_LITERAL_NULL_CONVERSION = YES;
				CLANG_WARN_OBJC_IMPLICIT_RETAIN_SELF = YES;
				CLANG_WARN_OBJC_LITERAL_CONVERSION = YES;
				CLANG_WARN_OBJC_ROOT_CLASS = YES_ERROR;
				CLANG_WARN_QUOTED_INCLUDE_IN_FRAMEWORK_HEADER = YES;
				CLANG_WARN_RANGE_LOOP_ANALYSIS = YES;
				CLANG_WARN_STRICT_PROTOTYPES = YES;
				CLANG_WARN_SUSPICIOUS_MOVE = YES;
				CLANG_WARN_UNGUARDED_AVAILABILITY = YES_AGGRESSIVE;
				CLANG_WARN_UNREACHABLE_CODE = YES;
				CLANG_WARN__DUPLICATE_METHOD_MATCH = YES;
				COPY_PHASE_STRIP = NO;
				DEBUG_INFORMATION_FORMAT = dwarf;
				ENABLE_STRICT_OBJC_MSGSEND = YES;
				ENABLE_TESTABILITY = YES;
				GCC_C_LANGUAGE_STANDARD = gnu11;
				GCC_DYNAMIC_NO_PIC = NO;
				GCC_NO_COMMON_BLOCKS = YES;
				GCC_OPTIMIZATION_LEVEL = 0;
				GCC_PREPROCESSOR_DEFINITIONS = (
					"DEBUG=1",
					"$(inherited)",
				);
				GCC_WARN_64_TO_32_BIT_CONVERSION = YES;
				GCC_WARN_ABOUT_RETURN_TYPE = YES_ERROR;
				GCC_WARN_UNDECLARED_SELECTOR = YES;
				GCC_WARN_UNINITIALIZED_AUTOS = YES_AGGRESSIVE;
				GCC_WARN_UNUSED_FUNCTION = YES;
				GCC_WARN_UNUSED_VARIABLE = YES;
				IPHONEOS_DEPLOYMENT_TARGET = 15.2;
				MTL_ENABLE_DEBUG_INFO = INCLUDE_SOURCE;
				MTL_FAST_MATH = YES;
				ONLY_ACTIVE_ARCH = YES;
				SDKROOT = iphoneos;
				SWIFT_ACTIVE_COMPILATION_CONDITIONS = DEBUG;
				SWIFT_OPTIMIZATION_LEVEL = "-Onone";
			};
			name = Debug;
		};
		077AA8EE27C541660028A050 /* Release */ = {
			isa = XCBuildConfiguration;
			buildSettings = {
				ALWAYS_SEARCH_USER_PATHS = NO;
				CLANG_ANALYZER_NONNULL = YES;
				CLANG_ANALYZER_NUMBER_OBJECT_CONVERSION = YES_AGGRESSIVE;
				CLANG_CXX_LANGUAGE_STANDARD = "gnu++17";
				CLANG_CXX_LIBRARY = "libc++";
				CLANG_ENABLE_MODULES = YES;
				CLANG_ENABLE_OBJC_ARC = YES;
				CLANG_ENABLE_OBJC_WEAK = YES;
				CLANG_WARN_BLOCK_CAPTURE_AUTORELEASING = YES;
				CLANG_WARN_BOOL_CONVERSION = YES;
				CLANG_WARN_COMMA = YES;
				CLANG_WARN_CONSTANT_CONVERSION = YES;
				CLANG_WARN_DEPRECATED_OBJC_IMPLEMENTATIONS = YES;
				CLANG_WARN_DIRECT_OBJC_ISA_USAGE = YES_ERROR;
				CLANG_WARN_DOCUMENTATION_COMMENTS = YES;
				CLANG_WARN_EMPTY_BODY = YES;
				CLANG_WARN_ENUM_CONVERSION = YES;
				CLANG_WARN_INFINITE_RECURSION = YES;
				CLANG_WARN_INT_CONVERSION = YES;
				CLANG_WARN_NON_LITERAL_NULL_CONVERSION = YES;
				CLANG_WARN_OBJC_IMPLICIT_RETAIN_SELF = YES;
				CLANG_WARN_OBJC_LITERAL_CONVERSION = YES;
				CLANG_WARN_OBJC_ROOT_CLASS = YES_ERROR;
				CLANG_WARN_QUOTED_INCLUDE_IN_FRAMEWORK_HEADER = YES;
				CLANG_WARN_RANGE_LOOP_ANALYSIS = YES;
				CLANG_WARN_STRICT_PROTOTYPES = YES;
				CLANG_WARN_SUSPICIOUS_MOVE = YES;
				CLANG_WARN_UNGUARDED_AVAILABILITY = YES_AGGRESSIVE;
				CLANG_WARN_UNREACHABLE_CODE = YES;
				CLANG_WARN__DUPLICATE_METHOD_MATCH = YES;
				COPY_PHASE_STRIP = NO;
				DEBUG_INFORMATION_FORMAT = "dwarf-with-dsym";
				ENABLE_NS_ASSERTIONS = NO;
				ENABLE_STRICT_OBJC_MSGSEND = YES;
				GCC_C_LANGUAGE_STANDARD = gnu11;
				GCC_NO_COMMON_BLOCKS = YES;
				GCC_WARN_64_TO_32_BIT_CONVERSION = YES;
				GCC_WARN_ABOUT_RETURN_TYPE = YES_ERROR;
				GCC_WARN_UNDECLARED_SELECTOR = YES;
				GCC_WARN_UNINITIALIZED_AUTOS = YES_AGGRESSIVE;
				GCC_WARN_UNUSED_FUNCTION = YES;
				GCC_WARN_UNUSED_VARIABLE = YES;
				IPHONEOS_DEPLOYMENT_TARGET = 15.2;
				MTL_ENABLE_DEBUG_INFO = NO;
				MTL_FAST_MATH = YES;
				SDKROOT = iphoneos;
				SWIFT_COMPILATION_MODE = wholemodule;
				SWIFT_OPTIMIZATION_LEVEL = "-O";
				VALIDATE_PRODUCT = YES;
			};
			name = Release;
		};
		077AA8F027C541660028A050 /* Debug */ = {
			isa = XCBuildConfiguration;
			buildSettings = {
				ASSETCATALOG_COMPILER_APPICON_NAME = AppIcon;
				ASSETCATALOG_COMPILER_GLOBAL_ACCENT_COLOR_NAME = AccentColor;
				CODE_SIGN_STYLE = Automatic;
				CURRENT_PROJECT_VERSION = 1;
				DEVELOPMENT_TEAM = 7YXF235PW8;
				GENERATE_INFOPLIST_FILE = YES;
				INFOPLIST_FILE = "ResumeApp-iOS-AnyMind-Group/Info.plist";
				INFOPLIST_KEY_UIApplicationSupportsIndirectInputEvents = YES;
				INFOPLIST_KEY_UILaunchStoryboardName = LaunchScreen;
				INFOPLIST_KEY_UIMainStoryboardFile = Main;
				INFOPLIST_KEY_UISupportedInterfaceOrientations_iPad = "UIInterfaceOrientationPortrait UIInterfaceOrientationPortraitUpsideDown UIInterfaceOrientationLandscapeLeft UIInterfaceOrientationLandscapeRight";
				INFOPLIST_KEY_UISupportedInterfaceOrientations_iPhone = "UIInterfaceOrientationPortrait UIInterfaceOrientationLandscapeLeft UIInterfaceOrientationLandscapeRight";
				LD_RUNPATH_SEARCH_PATHS = (
					"$(inherited)",
					"@executable_path/Frameworks",
				);
				MARKETING_VERSION = 1.0;
				PRODUCT_BUNDLE_IDENTIFIER = "com.omar.ResumeApp-iOS-AnyMind-Group";
				PRODUCT_NAME = "$(TARGET_NAME)";
				SWIFT_EMIT_LOC_STRINGS = YES;
				SWIFT_VERSION = 5.0;
				TARGETED_DEVICE_FAMILY = "1,2";
			};
			name = Debug;
		};
		077AA8F127C541660028A050 /* Release */ = {
			isa = XCBuildConfiguration;
			buildSettings = {
				ASSETCATALOG_COMPILER_APPICON_NAME = AppIcon;
				ASSETCATALOG_COMPILER_GLOBAL_ACCENT_COLOR_NAME = AccentColor;
				CODE_SIGN_STYLE = Automatic;
				CURRENT_PROJECT_VERSION = 1;
				DEVELOPMENT_TEAM = 7YXF235PW8;
				GENERATE_INFOPLIST_FILE = YES;
				INFOPLIST_FILE = "ResumeApp-iOS-AnyMind-Group/Info.plist";
				INFOPLIST_KEY_UIApplicationSupportsIndirectInputEvents = YES;
				INFOPLIST_KEY_UILaunchStoryboardName = LaunchScreen;
				INFOPLIST_KEY_UIMainStoryboardFile = Main;
				INFOPLIST_KEY_UISupportedInterfaceOrientations_iPad = "UIInterfaceOrientationPortrait UIInterfaceOrientationPortraitUpsideDown UIInterfaceOrientationLandscapeLeft UIInterfaceOrientationLandscapeRight";
				INFOPLIST_KEY_UISupportedInterfaceOrientations_iPhone = "UIInterfaceOrientationPortrait UIInterfaceOrientationLandscapeLeft UIInterfaceOrientationLandscapeRight";
				LD_RUNPATH_SEARCH_PATHS = (
					"$(inherited)",
					"@executable_path/Frameworks",
				);
				MARKETING_VERSION = 1.0;
				PRODUCT_BUNDLE_IDENTIFIER = "com.omar.ResumeApp-iOS-AnyMind-Group";
				PRODUCT_NAME = "$(TARGET_NAME)";
				SWIFT_EMIT_LOC_STRINGS = YES;
				SWIFT_VERSION = 5.0;
				TARGETED_DEVICE_FAMILY = "1,2";
			};
			name = Release;
		};
/* End XCBuildConfiguration section */

/* Begin XCConfigurationList section */
		077AA8D327C541630028A050 /* Build configuration list for PBXProject "ResumeApp-iOS-AnyMind-Group" */ = {
			isa = XCConfigurationList;
			buildConfigurations = (
				077AA8ED27C541660028A050 /* Debug */,
				077AA8EE27C541660028A050 /* Release */,
			);
			defaultConfigurationIsVisible = 0;
			defaultConfigurationName = Release;
		};
		077AA8EF27C541660028A050 /* Build configuration list for PBXNativeTarget "ResumeApp-iOS-AnyMind-Group" */ = {
			isa = XCConfigurationList;
			buildConfigurations = (
				077AA8F027C541660028A050 /* Debug */,
				077AA8F127C541660028A050 /* Release */,
			);
			defaultConfigurationIsVisible = 0;
			defaultConfigurationName = Release;
		};
/* End XCConfigurationList section */
	};
	rootObject = 077AA8D027C541630028A050 /* Project object */;
}
